Microsoft Visual Studio Solution File, Format Version 12.00
# Visual Studio Version 17
VisualStudioVersion = 17.0.31903.59
MinimumVisualStudioVersion = 10.0.40219.1
Project("{2150E333-8FDC-42A3-9474-1A3956D46DE8}") = "src", "src", "{8BC9CEB8-8B4A-11D0-8D11-00A0C91BC942}"
EndProject
Project("{2150E333-8FDC-42A3-9474-1A3956D46DE8}") = "tests", "tests", "{2150E333-8FDC-42A3-9474-1A3956D46DE8}"
EndProject
Project("{FAE04EC0-301F-11D3-BF4B-00C04F79EFBC}") = "Abstractions", "src\Abstractions\Abstractions.csproj", "{F8C95F9E-2E36-4E0E-8F1F-7C3B0B4B1A0C}"
EndProject
Project("{FAE04EC0-301F-11D3-BF4B-00C04F79EFBC}") = "Models", "src\Models\Models.csproj", "{A9E3D5F8-2E36-4E0E-8F1F-7C3B0B4B1A0D}"
EndProject
Project("{FAE04EC0-301F-11D3-BF4B-00C04F79EFBC}") = "Repositories", "src\Repositories\Repositories.csproj", "{B8F4E6F7-2E36-4E0E-8F1F-7C3B0B4B1A0E}"
EndProject
Project("{FAE04EC0-301F-11D3-BF4B-00C04F79EFBC}") = "Services", "src\Services\Services.csproj", "{C7F3D5E6-2E36-4E0E-8F1F-7C3B0B4B1A0F}"
EndProject
Project("{FAE04EC0-301F-11D3-BF4B-00C04F79EFBC}") = "Tony", "src\Tony\Tony.csproj", "{D6E2C4D5-2E36-4E0E-8F1F-7C3B0B4B1A10}"
EndProject
Project("{FAE04EC0-301F-11D3-BF4B-00C04F79EFBC}") = "Tony.Tests", "tests\Tony.Tests\Tony.Tests.csproj", "{E5D1B3C4-2E36-4E0E-8F1F-7C3B0B4B1A11}"
EndProject
Project("{FAE04EC0-301F-11D3-BF4B-00C04F79EFBC}") = "Services.Tests", "tests\Services.Tests\Services.Tests.csproj", "{F4C0A2B3-2E36-4E0E-8F1F-7C3B0B4B1A12}"
EndProject
Project("{FAE04EC0-301F-11D3-BF4B-00C04F79EFBC}") = "Repositories.Tests", "tests\Repositories.Tests\Repositories.Tests.csproj", "{03BF9FA2-2E36-4E0E-8F1F-7C3B0B4B1A13}"
EndProject
Project("{FAE04EC0-301F-11D3-BF4B-00C04F79EFBC}") = "Models.Tests", "tests\Models.Tests\Models.Tests.csproj", "{12AE8E91-2E36-4E0E-8F1F-7C3B0B4B1A14}"
EndProject
Global
	GlobalSection(SolutionConfigurationPlatforms) = preSolution
		Debug|Any CPU = Debug|Any CPU
		Release|Any CPU = Release|Any CPU
	EndGlobalSection
	GlobalSection(ProjectConfigurationPlatforms) = postSolution
		{F8C95F9E-2E36-4E0E-8F1F-7C3B0B4B1A0C}.Debug|Any CPU.ActiveCfg = Debug|Any CPU
		{F8C95F9E-2E36-4E0E-8F1F-7C3B0B4B1A0C}.Debug|Any CPU.Build.0 = Debug|Any CPU
		{F8C95F9E-2E36-4E0E-8F1F-7C3B0B4B1A0C}.Release|Any CPU.ActiveCfg = Release|Any CPU
		{F8C95F9E-2E36-4E0E-8F1F-7C3B0B4B1A0C}.Release|Any CPU.Build.0 = Release|Any CPU
		{A9E3D5F8-2E36-4E0E-8F1F-7C3B0B4B1A0D}.Debug|Any CPU.ActiveCfg = Debug|Any CPU
		{A9E3D5F8-2E36-4E0E-8F1F-7C3B0B4B1A0D}.Debug|Any CPU.Build.0 = Debug|Any CPU
		{A9E3D5F8-2E36-4E0E-8F1F-7C3B0B4B1A0D}.Release|Any CPU.ActiveCfg = Release|Any CPU
		{A9E3D5F8-2E36-4E0E-8F1F-7C3B0B4B1A0D}.Release|Any CPU.Build.0 = Release|Any CPU
		{B8F4E6F7-2E36-4E0E-8F1F-7C3B0B4B1A0E}.Debug|Any CPU.ActiveCfg = Debug|Any CPU
		{B8F4E6F7-2E36-4E0E-8F1F-7C3B0B4B1A0E}.Debug|Any CPU.Build.0 = Debug|Any CPU
		{B8F4E6F7-2E36-4E0E-8F1F-7C3B0B4B1A0E}.Release|Any CPU.ActiveCfg = Release|Any CPU
		{B8F4E6F7-2E36-4E0E-8F1F-7C3B0B4B1A0E}.Release|Any CPU.Build.0 = Release|Any CPU
		{C7F3D5E6-2E36-4E0E-8F1F-7C3B0B4B1A0F}.Debug|Any CPU.ActiveCfg = Debug|Any CPU
		{C7F3D5E6-2E36-4E0E-8F1F-7C3B0B4B1A0F}.Debug|Any CPU.Build.0 = Debug|Any CPU
		{C7F3D5E6-2E36-4E0E-8F1F-7C3B0B4B1A0F}.Release|Any CPU.ActiveCfg = Release|Any CPU
		{C7F3D5E6-2E36-4E0E-8F1F-7C3B0B4B1A0F}.Release|Any CPU.Build.0 = Release|Any CPU
		{D6E2C4D5-2E36-4E0E-8F1F-7C3B0B4B1A10}.Debug|Any CPU.ActiveCfg = Debug|Any CPU
		{D6E2C4D5-2E36-4E0E-8F1F-7C3B0B4B1A10}.Debug|Any CPU.Build.0 = Debug|Any CPU
		{D6E2C4D5-2E36-4E0E-8F1F-7C3B0B4B1A10}.Release|Any CPU.ActiveCfg = Release|Any CPU
		{D6E2C4D5-2E36-4E0E-8F1F-7C3B0B4B1A10}.Release|Any CPU.Build.0 = Release|Any CPU
		{E5D1B3C4-2E36-4E0E-8F1F-7C3B0B4B1A11}.Debug|Any CPU.ActiveCfg = Debug|Any CPU
		{E5D1B3C4-2E36-4E0E-8F1F-7C3B0B4B1A11}.Debug|Any CPU.Build.0 = Debug|Any CPU
		{E5D1B3C4-2E36-4E0E-8F1F-7C3B0B4B1A11}.Release|Any CPU.ActiveCfg = Release|Any CPU
		{E5D1B3C4-2E36-4E0E-8F1F-7C3B0B4B1A11}.Release|Any CPU.Build.0 = Release|Any CPU
		{F4C0A2B3-2E36-4E0E-8F1F-7C3B0B4B1A12}.Debug|Any CPU.ActiveCfg = Debug|Any CPU
		{F4C0A2B3-2E36-4E0E-8F1F-7C3B0B4B1A12}.Debug|Any CPU.Build.0 = Debug|Any CPU
		{F4C0A2B3-2E36-4E0E-8F1F-7C3B0B4B1A12}.Release|Any CPU.ActiveCfg = Release|Any CPU
		{F4C0A2B3-2E36-4E0E-8F1F-7C3B0B4B1A12}.Release|Any CPU.Build.0 = Release|Any CPU
		{03BF9FA2-2E36-4E0E-8F1F-7C3B0B4B1A13}.Debug|Any CPU.ActiveCfg = Debug|Any CPU
		{03BF9FA2-2E36-4E0E-8F1F-7C3B0B4B1A13}.Debug|Any CPU.Build.0 = Debug|Any CPU
		{03BF9FA2-2E36-4E0E-8F1F-7C3B0B4B1A13}.Release|Any CPU.ActiveCfg = Release|Any CPU
		{03BF9FA2-2E36-4E0E-8F1F-7C3B0B4B1A13}.Release|Any CPU.Build.0 = Release|Any CPU
		{12AE8E91-2E36-4E0E-8F1F-7C3B0B4B1A14}.Debug|Any CPU.ActiveCfg = Debug|Any CPU
		{12AE8E91-2E36-4E0E-8F1F-7C3B0B4B1A14}.Debug|Any CPU.Build.0 = Debug|Any CPU
		{12AE8E91-2E36-4E0E-8F1F-7C3B0B4B1A14}.Release|Any CPU.ActiveCfg = Release|Any CPU
		{12AE8E91-2E36-4E0E-8F1F-7C3B0B4B1A14}.Release|Any CPU.Build.0 = Release|Any CPU
	EndGlobalSection
	GlobalSection(NestedProjects) = preSolution
		{F8C95F9E-2E36-4E0E-8F1F-7C3B0B4B1A0C} = {8BC9CEB8-8B4A-11D0-8D11-00A0C91BC942}
		{A9E3D5F8-2E36-4E0E-8F1F-7C3B0B4B1A0D} = {8BC9CEB8-8B4A-11D0-8D11-00A0C91BC942}
		{B8F4E6F7-2E36-4E0E-8F1F-7C3B0B4B1A0E} = {8BC9CEB8-8B4A-11D0-8D11-00A0C91BC942}
		{C7F3D5E6-2E36-4E0E-8F1F-7C3B0B4B1A0F} = {8BC9CEB8-8B4A-11D0-8D11-00A0C91BC942}
		{D6E2C4D5-2E36-4E0E-8F1F-7C3B0B4B1A10} = {8BC9CEB8-8B4A-11D0-8D11-00A0C91BC942}
		{E5D1B3C4-2E36-4E0E-8F1F-7C3B0B4B1A11} = {2150E333-8FDC-42A3-9474-1A3956D46DE8}
		{F4C0A2B3-2E36-4E0E-8F1F-7C3B0B4B1A12} = {2150E333-8FDC-42A3-9474-1A3956D46DE8}
		{03BF9FA2-2E36-4E0E-8F1F-7C3B0B4B1A13} = {2150E333-8FDC-42A3-9474-1A3956D46DE8}
		{12AE8E91-2E36-4E0E-8F1F-7C3B0B4B1A14} = {2150E333-8FDC-42A3-9474-1A3956D46DE8}
	EndGlobalSection
EndGlobal
